PODS:
  - MBProgressHUD (1.0.0)
  - NXWebViewKit (7):
    - MBProgressHUD

DEPENDENCIES:
  - NXWebViewKit (from `../`)

EXTERNAL SOURCES:
  NXWebViewKit:
    :path: ../

SPEC CHECKSUMS:
  MBProgressHUD: 4890f671c94e8a0f3cf959aa731e9de2f036d71a
  NXWebViewKit: 84583065ea977989a6bb57c8413a0f75d636cd5b

PODFILE CHECKSUM: cca5564170bd44b1db1df834852a9037c19dcf89

COCOAPODS: 1.3.1
